
Microsoft Visual Studio Solution File, Format Version 12.00
# Visual Studio 15
VisualStudioVersion = 15.0.26430.6
MinimumVisualStudioVersion = 10.0.40219.1
Project("{2150E333-8FDC-42A3-9474-1A3956D46DE8}") = "src", "src", "{40204B54-CC92-42E3-A1B3-9A328BC5F1AD}"
EndProject
Project("{9A19103F-16F7-4668-BE54-9A1E7A4F7556}") = "AspNetCoreExt.AppInitialization", "src\AspNetCoreExt.AppInitialization.csproj", "{634D1C51-3BFD-4D07-87F3-6BD14358802D}"
EndProject
Project("{2150E333-8FDC-42A3-9474-1A3956D46DE8}") = "Solution items", "Solution items", "{DFC26BC4-5D5A-4E62-A413-D1D71CB24A4D}"
	ProjectSection(SolutionItems) = preProject
		.editorconfig = .editorconfig
	EndProjectSection
EndProject
Project("{2150E333-8FDC-42A3-9474-1A3956D46DE8}") = "samples", "samples", "{B5BD8264-292F-4D2D-BDA9-223D76D1D17C}"
EndProject
Project("{9A19103F-16F7-4668-BE54-9A1E7A4F7556}") = "AppInitializationSample", "samples\AppInitializationSample\WebApplication1\AppInitializationSample.csproj", "{5F2E4668-2DED-4F4F-9F54-EA004F6BA2D8}"
EndProject
Project("{2150E333-8FDC-42A3-9474-1A3956D46DE8}") = "test", "test", "{7767C139-CF71-4A63-B104-CAA78ED56B4A}"
EndProject
Project("{9A19103F-16F7-4668-BE54-9A1E7A4F7556}") = "AspNetCoreExt.AppInitialization.Tests", "test\AspNetCoreExt.AppInitialization.Tests\AspNetCoreExt.AppInitialization.Tests.csproj", "{3FCD661F-514E-4ABE-B310-87A5460D6300}"
EndProject
Global
	GlobalSection(SolutionConfigurationPlatforms) = preSolution
		Debug|Any CPU = Debug|Any CPU
		Release|Any CPU = Release|Any CPU
	EndGlobalSection
	GlobalSection(ProjectConfigurationPlatforms) = postSolution
		{634D1C51-3BFD-4D07-87F3-6BD14358802D}.Debug|Any CPU.ActiveCfg = Debug|Any CPU
		{634D1C51-3BFD-4D07-87F3-6BD14358802D}.Debug|Any CPU.Build.0 = Debug|Any CPU
		{634D1C51-3BFD-4D07-87F3-6BD14358802D}.Release|Any CPU.ActiveCfg = Release|Any CPU
		{634D1C51-3BFD-4D07-87F3-6BD14358802D}.Release|Any CPU.Build.0 = Release|Any CPU
		{5F2E4668-2DED-4F4F-9F54-EA004F6BA2D8}.Debug|Any CPU.ActiveCfg = Debug|Any CPU
		{5F2E4668-2DED-4F4F-9F54-EA004F6BA2D8}.Debug|Any CPU.Build.0 = Debug|Any CPU
		{5F2E4668-2DED-4F4F-9F54-EA004F6BA2D8}.Release|Any CPU.ActiveCfg = Release|Any CPU
		{5F2E4668-2DED-4F4F-9F54-EA004F6BA2D8}.Release|Any CPU.Build.0 = Release|Any CPU
		{3FCD661F-514E-4ABE-B310-87A5460D6300}.Debug|Any CPU.ActiveCfg = Debug|Any CPU
		{3FCD661F-514E-4ABE-B310-87A5460D6300}.Debug|Any CPU.Build.0 = Debug|Any CPU
		{3FCD661F-514E-4ABE-B310-87A5460D6300}.Release|Any CPU.ActiveCfg = Release|Any CPU
		{3FCD661F-514E-4ABE-B310-87A5460D6300}.Release|Any CPU.Build.0 = Release|Any CPU
	EndGlobalSection
	GlobalSection(SolutionProperties) = preSolution
		HideSolutionNode = FALSE
	EndGlobalSection
	GlobalSection(NestedProjects) = preSolution
		{634D1C51-3BFD-4D07-87F3-6BD14358802D} = {40204B54-CC92-42E3-A1B3-9A328BC5F1AD}
		{5F2E4668-2DED-4F4F-9F54-EA004F6BA2D8} = {B5BD8264-292F-4D2D-BDA9-223D76D1D17C}
		{3FCD661F-514E-4ABE-B310-87A5460D6300} = {7767C139-CF71-4A63-B104-CAA78ED56B4A}
	EndGlobalSection
EndGlobal
